<?xml version="1.0" encoding="utf-8"?>
<Project ToolsVersion="4.0" xmlns="http://schemas.microsoft.com/developer/msbuild/2003">
  <ItemGroup>
    <Filter Include="Fichiers sources">
      <UniqueIdentifier>{4FC737F1-C7A5-4376-A066-2A32D752A2FF}</UniqueIdentifier>
      <Extensions>cpp;c;cc;cxx;def;odl;idl;hpj;bat;asm;asmx</Extensions>
    </Filter>
    <Filter Include="Fichiers d%27en-tête">
      <UniqueIdentifier>{93995380-89BD-4b04-88EB-625FBE52EBFB}</UniqueIdentifier>
      <Extensions>h;hh;hpp;hxx;hm;inl;inc;xsd</Extensions>
    </Filter>
    <Filter Include="Fichiers de ressources">
      <UniqueIdentifier>{67DA6AB6-F800-4c08-8B7A-83BB121AAD01}</UniqueIdentifier>
      <Extensions>rc;ico;cur;bmp;dlg;rc2;rct;bin;rgs;gif;jpg;jpeg;jpe;resx;tiff;tif;png;wav;mfcribbon-ms</Extensions>
    </Filter>
    <Filter Include="Fichiers générés">
      <UniqueIdentifier>{58d9de57-a3e4-493a-9c8c-a7ce43a386bc}</UniqueIdentifier>
      <SourceControlFiles>False</SourceControlFiles>
    </Filter>
    <Filter Include="Common">
      <UniqueIdentifier>{0c8d201e-983b-44f2-9717-a41e55e6c4c8}</UniqueIdentifier>
    </Filter>
  </ItemGroup>
  <ItemGroup>
    <ClCompile Include="..\MAPIoRDPClientPlugin\stdafx.cpp">
      <Filter>Fichiers sources</Filter>
    </ClCompile>
    <ClCompile Include="..\MAPIoRDPClientPlugin\MAPIoRDPClientPlugin.cpp">
      <Filter>Fichiers sources</Filter>
    </ClCompile>
    <ClCompile Include="..\MAPIoRDPClientPlugin\dllmain.cpp">
      <Filter>Fichiers sources</Filter>
    </ClCompile>
    <ClCompile Include="..\MAPIoRDPClientPlugin\MAPIoRDPClientPlugin_i.c">
      <Filter>Fichiers générés</Filter>
    </ClCompile>
    <ClCompile Include="..\MAPIoRDPClientPlugin\CDVC.cpp">
      <Filter>Fichiers sources</Filter>
    </ClCompile>
    <ClCompile Include="Mapi32.hpp">
      <Filter>Fichiers d%27en-tête</Filter>
    </ClCompile>
    <ClCompile Include="..\Common\Tools.cpp">
      <Filter>Common</Filter>
    </ClCompile>
  </ItemGroup>
  <ItemGroup>
    <ClInclude Include="..\MAPIoRDPClientPlugin\stdafx.h">
      <Filter>Fichiers d%27en-tête</Filter>
    </ClInclude>
    <ClInclude Include="..\MAPIoRDPClientPlugin\targetver.h">
      <Filter>Fichiers d%27en-tête</Filter>
    </ClInclude>
    <ClInclude Include="..\MAPIoRDPClientPlugin\Resource.h">
      <Filter>Fichiers d%27en-tête</Filter>
    </ClInclude>
    <ClInclude Include="..\MAPIoRDPClientPlugin\dllmain.h">
      <Filter>Fichiers d%27en-tête</Filter>
    </ClInclude>
    <ClInclude Include="..\MAPIoRDPClientPlugin\MAPIoRDPClientPlugin_i.h">
      <Filter>Fichiers générés</Filter>
    </ClInclude>
    <ClInclude Include="..\Common\MAPISerializer.hpp">
      <Filter>Common</Filter>
    </ClInclude>
    <ClInclude Include="..\Common\Tools.h">
      <Filter>Common</Filter>
    </ClInclude>
  </ItemGroup>
  <ItemGroup>
    <ResourceCompile Include="..\MAPIoRDPClientPlugin\MAPIoRDPClientPlugin.rc">
      <Filter>Fichiers de ressources</Filter>
    </ResourceCompile>
  </ItemGroup>
  <ItemGroup>
    <Text Include="..\MAPIoRDPClientPlugin\ReadMe.txt" />
  </ItemGroup>
  <ItemGroup>
    <None Include="..\MAPIoRDPClientPlugin\MAPIoRDPClientPlugin.def">
      <Filter>Fichiers sources</Filter>
    </None>
  </ItemGroup>
  <ItemGroup>
    <Midl Include="..\MAPIoRDPClientPlugin\MAPIoRDPClientPlugin.idl">
      <Filter>Fichiers sources</Filter>
    </Midl>
  </ItemGroup>
</Project>